
Microsoft Visual Studio Solution File, Format Version 10.00
# Visual Studio 2008
Project("{FAE04EC0-301F-11D3-BF4B-00C04F79EFBC}") = "CertKeyProviderPlugin", "CertKeyProviderPlugin.csproj", "{BBC36440-D6C8-4F76-B386-EB88DA6FEE0A}"
EndProject
Global
	GlobalSection(SolutionConfigurationPlatforms) = preSolution
		Debug|Any CPU = Debug|Any CPU
		Release|Any CPU = Release|Any CPU
	EndGlobalSection
	GlobalSection(ProjectConfigurationPlatforms) = postSolution
		{BBC36440-D6C8-4F76-B386-EB88DA6FEE0A}.Debug|Any CPU.ActiveCfg = Debug|Any CPU
		{BBC36440-D6C8-4F76-B386-EB88DA6FEE0A}.Debug|Any CPU.Build.0 = Debug|Any CPU
		{BBC36440-D6C8-4F76-B386-EB88DA6FEE0A}.Release|Any CPU.ActiveCfg = Release|Any CPU
		{BBC36440-D6C8-4F76-B386-EB88DA6FEE0A}.Release|Any CPU.Build.0 = Release|Any CPU
	EndGlobalSection
	GlobalSection(SolutionProperties) = preSolution
		HideSolutionNode = FALSE
	EndGlobalSection
EndGlobal
